Microsoft Visual Studio Solution File, Format Version 12.00
Project("{FAE04EC0-301F-11D3-BF4B-00C04F79EFBC}") = "Leetcode.TwoSum", "Leetcode.TwoSum\Leetcode.TwoSum.csproj", "{039A855C-BA57-4D97-B3A8-04ADCC8F8631}"
EndProject
Project("{FAE04EC0-301F-11D3-BF4B-00C04F79EFBC}") = "Leetcode.Tests", "Leetcode.Tests\Leetcode.Tests.csproj", "{CA284768-2429-4036-936D-7FD83D9D7647}"
EndProject
Project("{FAE04EC0-301F-11D3-BF4B-00C04F79EFBC}") = "Leetcode.TwoSumLessThanK", "Leetcode.TwoSumLessThanK\Leetcode.TwoSumLessThanK.csproj", "{18FD5D54-3F12-4D8E-92B9-EA18CCAEB4EC}"
EndProject
Project("{FAE04EC0-301F-11D3-BF4B-00C04F79EFBC}") = "Leetcode.TwoSumInputArrayIsSorted", "Leetcode.TwoSumInputArrayIsSorted\Leetcode.TwoSumInputArrayIsSorted.csproj", "{01B67E7A-FE37-4A53-BC64-8E602CF3EA8B}"
EndProject
Project("{FAE04EC0-301F-11D3-BF4B-00C04F79EFBC}") = "Leetcode.RemoveDuplicatesFromSortedArray", "Leetcode.RemoveDuplicatesFromSortedArray\Leetcode.RemoveDuplicatesFromSortedArray.csproj", "{F230B793-46A6-48A5-AE52-04358CB678B8}"
EndProject
Project("{FAE04EC0-301F-11D3-BF4B-00C04F79EFBC}") = "Leetcode.RemoveElement", "Leetcode.RemoveElement\Leetcode.RemoveElement.csproj", "{519B3C8D-2784-4C57-B47C-614E7E707EB2}"
EndProject
Project("{FAE04EC0-301F-11D3-BF4B-00C04F79EFBC}") = "Leetcode.SearchInsertPosition", "Leetcode.SearchInsertPosition\Leetcode.SearchInsertPosition.csproj", "{196AFACE-6E61-44DE-B086-111E886175A4}"
EndProject
Project("{FAE04EC0-301F-11D3-BF4B-00C04F79EFBC}") = "Leetcode.MaximumSubarray", "Leetcode.MaximumSubarray\Leetcode.MaximumSubarray.csproj", "{D8E41407-5DB5-45F4-AAC3-80D232DA010C}"
EndProject
Project("{FAE04EC0-301F-11D3-BF4B-00C04F79EFBC}") = "Leetcode.PlusOne", "Leetcode.PlusOne\Leetcode.PlusOne.csproj", "{5E5AA10D-2E69-4541-8080-759D47ED0085}"
EndProject
Project("{FAE04EC0-301F-11D3-BF4B-00C04F79EFBC}") = "Leetсode.MergeSortedArray", "Leetсode.MergeSortedArray\Leetсode.MergeSortedArray.csproj", "{E83FE11E-C9B7-48F8-BD2A-E89C441766F6}"
EndProject
Project("{FAE04EC0-301F-11D3-BF4B-00C04F79EFBC}") = "Leetсode.PascalTriangle", "Leetсode.PascalTriangle\Leetсode.PascalTriangle.csproj", "{0931A9D5-7C86-4B1C-99B9-26597E2E7500}"
EndProject
Project("{FAE04EC0-301F-11D3-BF4B-00C04F79EFBC}") = "Leetсode.PascalTriangle2", "Leetсode.PascalTriangle2\Leetсode.PascalTriangle2.csproj", "{A46CBBAE-48A5-4777-8223-1D920840C34E}"
EndProject
Project("{FAE04EC0-301F-11D3-BF4B-00C04F79EFBC}") = "Leetсode.BestTimeToBuyAndSellStock", "Leetсode.BestTimeToBuyAndSellStock\Leetсode.BestTimeToBuyAndSellStock.csproj", "{2B26CF1F-9D43-432D-BD2A-4E86F5D93875}"
EndProject
Project("{FAE04EC0-301F-11D3-BF4B-00C04F79EFBC}") = "Leetcode.SingleNumber", "Leetcode.SingleNumber\Leetcode.SingleNumber.csproj", "{2CDAB113-9C54-4ED9-9DD7-47664425F3CA}"
EndProject
Project("{FAE04EC0-301F-11D3-BF4B-00C04F79EFBC}") = "Leetcode.MissingRanges", "Leetcode.MissingRanges\Leetcode.MissingRanges.csproj", "{CEEF60A2-05CC-461B-AFE4-8F9245B93884}"
EndProject
Project("{FAE04EC0-301F-11D3-BF4B-00C04F79EFBC}") = "Leetcode.MajorityElement", "Leetcode.MajorityElement\Leetcode.MajorityElement.csproj", "{04847951-6FBA-42C1-89D8-2C80D1D01048}"
EndProject
Project("{FAE04EC0-301F-11D3-BF4B-00C04F79EFBC}") = "Leetcode.TwoSumDataStructureDesign", "Leetcode.TwoSumDataStructureDesign\Leetcode.TwoSumDataStructureDesign.csproj", "{EEB94A2F-0CA9-4F27-9FAC-3A9201C25BC4}"
EndProject
Project("{FAE04EC0-301F-11D3-BF4B-00C04F79EFBC}") = "Leetcode.ContainsDuplicate", "Leetcode.ContainsDuplicate\Leetcode.ContainsDuplicate.csproj", "{C3C53FB4-1401-4DAB-9956-B9918B89BD74}"
EndProject
Project("{FAE04EC0-301F-11D3-BF4B-00C04F79EFBC}") = "Leetcode.ContainsDuplicate2", "Leetcode.ContainsDuplicate2\Leetcode.ContainsDuplicate2.csproj", "{3DD64210-8761-4B6C-9FAD-26DFFAF94E44}"
EndProject
Project("{FAE04EC0-301F-11D3-BF4B-00C04F79EFBC}") = "Leetcode.SummaryRanges", "Leetcode.SummaryRanges\Leetcode.SummaryRanges.csproj", "{02A43BD8-9303-47C4-90FA-345305CCC5B7}"
EndProject
Project("{FAE04EC0-301F-11D3-BF4B-00C04F79EFBC}") = "Leetcode.ShortestWordDistance", "Leetcode.ShortestWordDistance\Leetcode.ShortestWordDistance.csproj", "{539EFE4A-2FC3-4475-9CB3-89C5DE39405A}"
EndProject
Project("{FAE04EC0-301F-11D3-BF4B-00C04F79EFBC}") = "Leetcode.MeetingRooms", "Leetcode.MeetingRooms\Leetcode.MeetingRooms.csproj", "{0E7F6B6B-1574-41BE-9AB2-D7E223B517A3}"
EndProject
Project("{FAE04EC0-301F-11D3-BF4B-00C04F79EFBC}") = "Leetcode.MissingNumber", "Leetcode.MissingNumber\Leetcode.MissingNumber.csproj", "{308DD0A4-315A-4553-AEE6-38E066BC58B4}"
EndProject
Project("{FAE04EC0-301F-11D3-BF4B-00C04F79EFBC}") = "Leetcode.MoveZeroes", "Leetcode.MoveZeroes\Leetcode.MoveZeroes.csproj", "{CE94474A-CB78-4F0E-AC68-053702DB219D}"
EndProject
Project("{FAE04EC0-301F-11D3-BF4B-00C04F79EFBC}") = "Leetcode.RangeSumQueryImmutable", "Leetcode.RangeSumQueryImmutable\Leetcode.RangeSumQueryImmutable.csproj", "{CCDEBB38-E287-4E53-AEA0-A7A5E81FC3CD}"
EndProject
Project("{FAE04EC0-301F-11D3-BF4B-00C04F79EFBC}") = "Leetcode.RangeSumQuery2DImmutable", "Leetcode.RangeSumQuery2DImmutable\Leetcode.RangeSumQuery2DImmutable.csproj", "{ED3610FA-9574-4F1A-8673-344791CC9474}"
EndProject
Project("{FAE04EC0-301F-11D3-BF4B-00C04F79EFBC}") = "Leetcode.IntersectionOfTwoArrays", "Leetcode.IntersectionOfTwoArrays\Leetcode.IntersectionOfTwoArrays.csproj", "{6E6E4005-2E35-4EDF-A1B6-8808AA48DD38}"
EndProject
Project("{FAE04EC0-301F-11D3-BF4B-00C04F79EFBC}") = "Leetcode.IntersectionOfTwoArrays2", "Leetcode.IntersectionOfTwoArrays2\Leetcode.IntersectionOfTwoArrays2.csproj", "{0CD77BCD-49F1-46C8-AD51-F968D0DAE388}"
EndProject
Project("{FAE04EC0-301F-11D3-BF4B-00C04F79EFBC}") = "Leetcode.ThirdMaximumNumber", "Leetcode.ThirdMaximumNumber\Leetcode.ThirdMaximumNumber.csproj", "{861067AF-E5DF-45D9-8B0D-031C5B42329F}"
EndProject
Project("{FAE04EC0-301F-11D3-BF4B-00C04F79EFBC}") = "Leetcode.ValidWordSquare", "Leetcode.ValidWordSquare\Leetcode.ValidWordSquare.csproj", "{F13B6603-939C-4685-8186-6FB822547179}"
EndProject
Project("{FAE04EC0-301F-11D3-BF4B-00C04F79EFBC}") = "Leetcode.FindNumbersDisappearedArray", "Leetcode.FindNumbersDisappearedArray\Leetcode.FindNumbersDisappearedArray.csproj", "{D7709E6B-9FA6-4635-BDA0-4970443F8063}"
EndProject
Project("{FAE04EC0-301F-11D3-BF4B-00C04F79EFBC}") = "Leetcode.AssignCookies", "Leetcode.AssignCookies\Leetcode.AssignCookies.csproj", "{F7406316-91E7-4A38-86E2-81904694A8C4}"
EndProject
Project("{FAE04EC0-301F-11D3-BF4B-00C04F79EFBC}") = "Leetcode.IslandPerimeter", "Leetcode.IslandPerimeter\Leetcode.IslandPerimeter.csproj", "{38F4E422-E752-4BDC-9E37-82BA8869662D}"
EndProject
Project("{FAE04EC0-301F-11D3-BF4B-00C04F79EFBC}") = "Leetcode.MaxConsecutiveOnes", "Leetcode.MaxConsecutiveOnes\Leetcode.MaxConsecutiveOnes.csproj", "{D9C94758-E38E-43AB-927C-D0D2F5C867E2}"
EndProject
Project("{FAE04EC0-301F-11D3-BF4B-00C04F79EFBC}") = "Leetcode.TeemoAttacking", "Leetcode.TeemoAttacking\Leetcode.TeemoAttacking.csproj", "{C79649F8-C9E5-47D0-BA56-C08210767F0F}"
EndProject
Global
	GlobalSection(SolutionConfigurationPlatforms) = preSolution
		Debug|Any CPU = Debug|Any CPU
		Release|Any CPU = Release|Any CPU
	EndGlobalSection
	GlobalSection(ProjectConfigurationPlatforms) = postSolution
		{039A855C-BA57-4D97-B3A8-04ADCC8F8631}.Debug|Any CPU.ActiveCfg = Debug|Any CPU
		{039A855C-BA57-4D97-B3A8-04ADCC8F8631}.Debug|Any CPU.Build.0 = Debug|Any CPU
		{039A855C-BA57-4D97-B3A8-04ADCC8F8631}.Release|Any CPU.ActiveCfg = Release|Any CPU
		{039A855C-BA57-4D97-B3A8-04ADCC8F8631}.Release|Any CPU.Build.0 = Release|Any CPU
		{CA284768-2429-4036-936D-7FD83D9D7647}.Debug|Any CPU.ActiveCfg = Debug|Any CPU
		{CA284768-2429-4036-936D-7FD83D9D7647}.Debug|Any CPU.Build.0 = Debug|Any CPU
		{CA284768-2429-4036-936D-7FD83D9D7647}.Release|Any CPU.ActiveCfg = Release|Any CPU
		{CA284768-2429-4036-936D-7FD83D9D7647}.Release|Any CPU.Build.0 = Release|Any CPU
		{18FD5D54-3F12-4D8E-92B9-EA18CCAEB4EC}.Debug|Any CPU.ActiveCfg = Debug|Any CPU
		{18FD5D54-3F12-4D8E-92B9-EA18CCAEB4EC}.Debug|Any CPU.Build.0 = Debug|Any CPU
		{18FD5D54-3F12-4D8E-92B9-EA18CCAEB4EC}.Release|Any CPU.ActiveCfg = Release|Any CPU
		{18FD5D54-3F12-4D8E-92B9-EA18CCAEB4EC}.Release|Any CPU.Build.0 = Release|Any CPU
		{01B67E7A-FE37-4A53-BC64-8E602CF3EA8B}.Debug|Any CPU.ActiveCfg = Debug|Any CPU
		{01B67E7A-FE37-4A53-BC64-8E602CF3EA8B}.Debug|Any CPU.Build.0 = Debug|Any CPU
		{01B67E7A-FE37-4A53-BC64-8E602CF3EA8B}.Release|Any CPU.ActiveCfg = Release|Any CPU
		{01B67E7A-FE37-4A53-BC64-8E602CF3EA8B}.Release|Any CPU.Build.0 = Release|Any CPU
		{F230B793-46A6-48A5-AE52-04358CB678B8}.Debug|Any CPU.ActiveCfg = Debug|Any CPU
		{F230B793-46A6-48A5-AE52-04358CB678B8}.Debug|Any CPU.Build.0 = Debug|Any CPU
		{F230B793-46A6-48A5-AE52-04358CB678B8}.Release|Any CPU.ActiveCfg = Release|Any CPU
		{F230B793-46A6-48A5-AE52-04358CB678B8}.Release|Any CPU.Build.0 = Release|Any CPU
		{519B3C8D-2784-4C57-B47C-614E7E707EB2}.Debug|Any CPU.ActiveCfg = Debug|Any CPU
		{519B3C8D-2784-4C57-B47C-614E7E707EB2}.Debug|Any CPU.Build.0 = Debug|Any CPU
		{519B3C8D-2784-4C57-B47C-614E7E707EB2}.Release|Any CPU.ActiveCfg = Release|Any CPU
		{519B3C8D-2784-4C57-B47C-614E7E707EB2}.Release|Any CPU.Build.0 = Release|Any CPU
		{196AFACE-6E61-44DE-B086-111E886175A4}.Debug|Any CPU.ActiveCfg = Debug|Any CPU
		{196AFACE-6E61-44DE-B086-111E886175A4}.Debug|Any CPU.Build.0 = Debug|Any CPU
		{196AFACE-6E61-44DE-B086-111E886175A4}.Release|Any CPU.ActiveCfg = Release|Any CPU
		{196AFACE-6E61-44DE-B086-111E886175A4}.Release|Any CPU.Build.0 = Release|Any CPU
		{D8E41407-5DB5-45F4-AAC3-80D232DA010C}.Debug|Any CPU.ActiveCfg = Debug|Any CPU
		{D8E41407-5DB5-45F4-AAC3-80D232DA010C}.Debug|Any CPU.Build.0 = Debug|Any CPU
		{D8E41407-5DB5-45F4-AAC3-80D232DA010C}.Release|Any CPU.ActiveCfg = Release|Any CPU
		{D8E41407-5DB5-45F4-AAC3-80D232DA010C}.Release|Any CPU.Build.0 = Release|Any CPU
		{5E5AA10D-2E69-4541-8080-759D47ED0085}.Debug|Any CPU.ActiveCfg = Debug|Any CPU
		{5E5AA10D-2E69-4541-8080-759D47ED0085}.Debug|Any CPU.Build.0 = Debug|Any CPU
		{5E5AA10D-2E69-4541-8080-759D47ED0085}.Release|Any CPU.ActiveCfg = Release|Any CPU
		{5E5AA10D-2E69-4541-8080-759D47ED0085}.Release|Any CPU.Build.0 = Release|Any CPU
		{E83FE11E-C9B7-48F8-BD2A-E89C441766F6}.Debug|Any CPU.ActiveCfg = Debug|Any CPU
		{E83FE11E-C9B7-48F8-BD2A-E89C441766F6}.Debug|Any CPU.Build.0 = Debug|Any CPU
		{E83FE11E-C9B7-48F8-BD2A-E89C441766F6}.Release|Any CPU.ActiveCfg = Release|Any CPU
		{E83FE11E-C9B7-48F8-BD2A-E89C441766F6}.Release|Any CPU.Build.0 = Release|Any CPU
		{0931A9D5-7C86-4B1C-99B9-26597E2E7500}.Debug|Any CPU.ActiveCfg = Debug|Any CPU
		{0931A9D5-7C86-4B1C-99B9-26597E2E7500}.Debug|Any CPU.Build.0 = Debug|Any CPU
		{0931A9D5-7C86-4B1C-99B9-26597E2E7500}.Release|Any CPU.ActiveCfg = Release|Any CPU
		{0931A9D5-7C86-4B1C-99B9-26597E2E7500}.Release|Any CPU.Build.0 = Release|Any CPU
		{A46CBBAE-48A5-4777-8223-1D920840C34E}.Debug|Any CPU.ActiveCfg = Debug|Any CPU
		{A46CBBAE-48A5-4777-8223-1D920840C34E}.Debug|Any CPU.Build.0 = Debug|Any CPU
		{A46CBBAE-48A5-4777-8223-1D920840C34E}.Release|Any CPU.ActiveCfg = Release|Any CPU
		{A46CBBAE-48A5-4777-8223-1D920840C34E}.Release|Any CPU.Build.0 = Release|Any CPU
		{2B26CF1F-9D43-432D-BD2A-4E86F5D93875}.Debug|Any CPU.ActiveCfg = Debug|Any CPU
		{2B26CF1F-9D43-432D-BD2A-4E86F5D93875}.Debug|Any CPU.Build.0 = Debug|Any CPU
		{2B26CF1F-9D43-432D-BD2A-4E86F5D93875}.Release|Any CPU.ActiveCfg = Release|Any CPU
		{2B26CF1F-9D43-432D-BD2A-4E86F5D93875}.Release|Any CPU.Build.0 = Release|Any CPU
		{2CDAB113-9C54-4ED9-9DD7-47664425F3CA}.Debug|Any CPU.ActiveCfg = Debug|Any CPU
		{2CDAB113-9C54-4ED9-9DD7-47664425F3CA}.Debug|Any CPU.Build.0 = Debug|Any CPU
		{2CDAB113-9C54-4ED9-9DD7-47664425F3CA}.Release|Any CPU.ActiveCfg = Release|Any CPU
		{2CDAB113-9C54-4ED9-9DD7-47664425F3CA}.Release|Any CPU.Build.0 = Release|Any CPU
		{CEEF60A2-05CC-461B-AFE4-8F9245B93884}.Debug|Any CPU.ActiveCfg = Debug|Any CPU
		{CEEF60A2-05CC-461B-AFE4-8F9245B93884}.Debug|Any CPU.Build.0 = Debug|Any CPU
		{CEEF60A2-05CC-461B-AFE4-8F9245B93884}.Release|Any CPU.ActiveCfg = Release|Any CPU
		{CEEF60A2-05CC-461B-AFE4-8F9245B93884}.Release|Any CPU.Build.0 = Release|Any CPU
		{04847951-6FBA-42C1-89D8-2C80D1D01048}.Debug|Any CPU.ActiveCfg = Debug|Any CPU
		{04847951-6FBA-42C1-89D8-2C80D1D01048}.Debug|Any CPU.Build.0 = Debug|Any CPU
		{04847951-6FBA-42C1-89D8-2C80D1D01048}.Release|Any CPU.ActiveCfg = Release|Any CPU
		{04847951-6FBA-42C1-89D8-2C80D1D01048}.Release|Any CPU.Build.0 = Release|Any CPU
		{EEB94A2F-0CA9-4F27-9FAC-3A9201C25BC4}.Debug|Any CPU.ActiveCfg = Debug|Any CPU
		{EEB94A2F-0CA9-4F27-9FAC-3A9201C25BC4}.Debug|Any CPU.Build.0 = Debug|Any CPU
		{EEB94A2F-0CA9-4F27-9FAC-3A9201C25BC4}.Release|Any CPU.ActiveCfg = Release|Any CPU
		{EEB94A2F-0CA9-4F27-9FAC-3A9201C25BC4}.Release|Any CPU.Build.0 = Release|Any CPU
		{C3C53FB4-1401-4DAB-9956-B9918B89BD74}.Debug|Any CPU.ActiveCfg = Debug|Any CPU
		{C3C53FB4-1401-4DAB-9956-B9918B89BD74}.Debug|Any CPU.Build.0 = Debug|Any CPU
		{C3C53FB4-1401-4DAB-9956-B9918B89BD74}.Release|Any CPU.ActiveCfg = Release|Any CPU
		{C3C53FB4-1401-4DAB-9956-B9918B89BD74}.Release|Any CPU.Build.0 = Release|Any CPU
		{3DD64210-8761-4B6C-9FAD-26DFFAF94E44}.Debug|Any CPU.ActiveCfg = Debug|Any CPU
		{3DD64210-8761-4B6C-9FAD-26DFFAF94E44}.Debug|Any CPU.Build.0 = Debug|Any CPU
		{3DD64210-8761-4B6C-9FAD-26DFFAF94E44}.Release|Any CPU.ActiveCfg = Release|Any CPU
		{3DD64210-8761-4B6C-9FAD-26DFFAF94E44}.Release|Any CPU.Build.0 = Release|Any CPU
		{02A43BD8-9303-47C4-90FA-345305CCC5B7}.Debug|Any CPU.ActiveCfg = Debug|Any CPU
		{02A43BD8-9303-47C4-90FA-345305CCC5B7}.Debug|Any CPU.Build.0 = Debug|Any CPU
		{02A43BD8-9303-47C4-90FA-345305CCC5B7}.Release|Any CPU.ActiveCfg = Release|Any CPU
		{02A43BD8-9303-47C4-90FA-345305CCC5B7}.Release|Any CPU.Build.0 = Release|Any CPU
		{539EFE4A-2FC3-4475-9CB3-89C5DE39405A}.Debug|Any CPU.ActiveCfg = Debug|Any CPU
		{539EFE4A-2FC3-4475-9CB3-89C5DE39405A}.Debug|Any CPU.Build.0 = Debug|Any CPU
		{539EFE4A-2FC3-4475-9CB3-89C5DE39405A}.Release|Any CPU.ActiveCfg = Release|Any CPU
		{539EFE4A-2FC3-4475-9CB3-89C5DE39405A}.Release|Any CPU.Build.0 = Release|Any CPU
		{0E7F6B6B-1574-41BE-9AB2-D7E223B517A3}.Debug|Any CPU.ActiveCfg = Debug|Any CPU
		{0E7F6B6B-1574-41BE-9AB2-D7E223B517A3}.Debug|Any CPU.Build.0 = Debug|Any CPU
		{0E7F6B6B-1574-41BE-9AB2-D7E223B517A3}.Release|Any CPU.ActiveCfg = Release|Any CPU
		{0E7F6B6B-1574-41BE-9AB2-D7E223B517A3}.Release|Any CPU.Build.0 = Release|Any CPU
		{308DD0A4-315A-4553-AEE6-38E066BC58B4}.Debug|Any CPU.ActiveCfg = Debug|Any CPU
		{308DD0A4-315A-4553-AEE6-38E066BC58B4}.Debug|Any CPU.Build.0 = Debug|Any CPU
		{308DD0A4-315A-4553-AEE6-38E066BC58B4}.Release|Any CPU.ActiveCfg = Release|Any CPU
		{308DD0A4-315A-4553-AEE6-38E066BC58B4}.Release|Any CPU.Build.0 = Release|Any CPU
		{CE94474A-CB78-4F0E-AC68-053702DB219D}.Debug|Any CPU.ActiveCfg = Debug|Any CPU
		{CE94474A-CB78-4F0E-AC68-053702DB219D}.Debug|Any CPU.Build.0 = Debug|Any CPU
		{CE94474A-CB78-4F0E-AC68-053702DB219D}.Release|Any CPU.ActiveCfg = Release|Any CPU
		{CE94474A-CB78-4F0E-AC68-053702DB219D}.Release|Any CPU.Build.0 = Release|Any CPU
		{CCDEBB38-E287-4E53-AEA0-A7A5E81FC3CD}.Debug|Any CPU.ActiveCfg = Debug|Any CPU
		{CCDEBB38-E287-4E53-AEA0-A7A5E81FC3CD}.Debug|Any CPU.Build.0 = Debug|Any CPU
		{CCDEBB38-E287-4E53-AEA0-A7A5E81FC3CD}.Release|Any CPU.ActiveCfg = Release|Any CPU
		{CCDEBB38-E287-4E53-AEA0-A7A5E81FC3CD}.Release|Any CPU.Build.0 = Release|Any CPU
		{ED3610FA-9574-4F1A-8673-344791CC9474}.Debug|Any CPU.ActiveCfg = Debug|Any CPU
		{ED3610FA-9574-4F1A-8673-344791CC9474}.Debug|Any CPU.Build.0 = Debug|Any CPU
		{ED3610FA-9574-4F1A-8673-344791CC9474}.Release|Any CPU.ActiveCfg = Release|Any CPU
		{ED3610FA-9574-4F1A-8673-344791CC9474}.Release|Any CPU.Build.0 = Release|Any CPU
		{6E6E4005-2E35-4EDF-A1B6-8808AA48DD38}.Debug|Any CPU.ActiveCfg = Debug|Any CPU
		{6E6E4005-2E35-4EDF-A1B6-8808AA48DD38}.Debug|Any CPU.Build.0 = Debug|Any CPU
		{6E6E4005-2E35-4EDF-A1B6-8808AA48DD38}.Release|Any CPU.ActiveCfg = Release|Any CPU
		{6E6E4005-2E35-4EDF-A1B6-8808AA48DD38}.Release|Any CPU.Build.0 = Release|Any CPU
		{0CD77BCD-49F1-46C8-AD51-F968D0DAE388}.Debug|Any CPU.ActiveCfg = Debug|Any CPU
		{0CD77BCD-49F1-46C8-AD51-F968D0DAE388}.Debug|Any CPU.Build.0 = Debug|Any CPU
		{0CD77BCD-49F1-46C8-AD51-F968D0DAE388}.Release|Any CPU.ActiveCfg = Release|Any CPU
		{0CD77BCD-49F1-46C8-AD51-F968D0DAE388}.Release|Any CPU.Build.0 = Release|Any CPU
		{861067AF-E5DF-45D9-8B0D-031C5B42329F}.Debug|Any CPU.ActiveCfg = Debug|Any CPU
		{861067AF-E5DF-45D9-8B0D-031C5B42329F}.Debug|Any CPU.Build.0 = Debug|Any CPU
		{861067AF-E5DF-45D9-8B0D-031C5B42329F}.Release|Any CPU.ActiveCfg = Release|Any CPU
		{861067AF-E5DF-45D9-8B0D-031C5B42329F}.Release|Any CPU.Build.0 = Release|Any CPU
		{F13B6603-939C-4685-8186-6FB822547179}.Debug|Any CPU.ActiveCfg = Debug|Any CPU
		{F13B6603-939C-4685-8186-6FB822547179}.Debug|Any CPU.Build.0 = Debug|Any CPU
		{F13B6603-939C-4685-8186-6FB822547179}.Release|Any CPU.ActiveCfg = Release|Any CPU
		{F13B6603-939C-4685-8186-6FB822547179}.Release|Any CPU.Build.0 = Release|Any CPU
		{D7709E6B-9FA6-4635-BDA0-4970443F8063}.Debug|Any CPU.ActiveCfg = Debug|Any CPU
		{D7709E6B-9FA6-4635-BDA0-4970443F8063}.Debug|Any CPU.Build.0 = Debug|Any CPU
		{D7709E6B-9FA6-4635-BDA0-4970443F8063}.Release|Any CPU.ActiveCfg = Release|Any CPU
		{D7709E6B-9FA6-4635-BDA0-4970443F8063}.Release|Any CPU.Build.0 = Release|Any CPU
		{F7406316-91E7-4A38-86E2-81904694A8C4}.Debug|Any CPU.ActiveCfg = Debug|Any CPU
		{F7406316-91E7-4A38-86E2-81904694A8C4}.Debug|Any CPU.Build.0 = Debug|Any CPU
		{F7406316-91E7-4A38-86E2-81904694A8C4}.Release|Any CPU.ActiveCfg = Release|Any CPU
		{F7406316-91E7-4A38-86E2-81904694A8C4}.Release|Any CPU.Build.0 = Release|Any CPU
		{38F4E422-E752-4BDC-9E37-82BA8869662D}.Debug|Any CPU.ActiveCfg = Debug|Any CPU
		{38F4E422-E752-4BDC-9E37-82BA8869662D}.Debug|Any CPU.Build.0 = Debug|Any CPU
		{38F4E422-E752-4BDC-9E37-82BA8869662D}.Release|Any CPU.ActiveCfg = Release|Any CPU
		{38F4E422-E752-4BDC-9E37-82BA8869662D}.Release|Any CPU.Build.0 = Release|Any CPU
		{D9C94758-E38E-43AB-927C-D0D2F5C867E2}.Debug|Any CPU.ActiveCfg = Debug|Any CPU
		{D9C94758-E38E-43AB-927C-D0D2F5C867E2}.Debug|Any CPU.Build.0 = Debug|Any CPU
		{D9C94758-E38E-43AB-927C-D0D2F5C867E2}.Release|Any CPU.ActiveCfg = Release|Any CPU
		{D9C94758-E38E-43AB-927C-D0D2F5C867E2}.Release|Any CPU.Build.0 = Release|Any CPU
		{C79649F8-C9E5-47D0-BA56-C08210767F0F}.Debug|Any CPU.ActiveCfg = Debug|Any CPU
		{C79649F8-C9E5-47D0-BA56-C08210767F0F}.Debug|Any CPU.Build.0 = Debug|Any CPU
		{C79649F8-C9E5-47D0-BA56-C08210767F0F}.Release|Any CPU.ActiveCfg = Release|Any CPU
		{C79649F8-C9E5-47D0-BA56-C08210767F0F}.Release|Any CPU.Build.0 = Release|Any CPU
	EndGlobalSection
EndGlobal
