Microsoft Visual Studio Solution File, Format Version 12.00
Project("{FAE04EC0-301F-11D3-BF4B-00C04F79EFBC}") = "Leetcode.TwoSum", "Leetcode.TwoSum\Leetcode.TwoSum.csproj", "{039A855C-BA57-4D97-B3A8-04ADCC8F8631}"
EndProject
Project("{FAE04EC0-301F-11D3-BF4B-00C04F79EFBC}") = "Leetcode.Tests", "Leetcode.Tests\Leetcode.Tests.csproj", "{CA284768-2429-4036-936D-7FD83D9D7647}"
EndProject
Global
	GlobalSection(SolutionConfigurationPlatforms) = preSolution
		Debug|Any CPU = Debug|Any CPU
		Release|Any CPU = Release|Any CPU
	EndGlobalSection
	GlobalSection(ProjectConfigurationPlatforms) = postSolution
		{039A855C-BA57-4D97-B3A8-04ADCC8F8631}.Debug|Any CPU.ActiveCfg = Debug|Any CPU
		{039A855C-BA57-4D97-B3A8-04ADCC8F8631}.Debug|Any CPU.Build.0 = Debug|Any CPU
		{039A855C-BA57-4D97-B3A8-04ADCC8F8631}.Release|Any CPU.ActiveCfg = Release|Any CPU
		{039A855C-BA57-4D97-B3A8-04ADCC8F8631}.Release|Any CPU.Build.0 = Release|Any CPU
		{CA284768-2429-4036-936D-7FD83D9D7647}.Debug|Any CPU.ActiveCfg = Debug|Any CPU
		{CA284768-2429-4036-936D-7FD83D9D7647}.Debug|Any CPU.Build.0 = Debug|Any CPU
		{CA284768-2429-4036-936D-7FD83D9D7647}.Release|Any CPU.ActiveCfg = Release|Any CPU
		{CA284768-2429-4036-936D-7FD83D9D7647}.Release|Any CPU.Build.0 = Release|Any CPU
	EndGlobalSection
EndGlobal
