Microsoft Visual Studio Solution File, Format Version 12.00
Project("{FAE04EC0-301F-11D3-BF4B-00C04F79EFBC}") = "Leetcode.TwoSum", "Leetcode.TwoSum\Leetcode.TwoSum.csproj", "{039A855C-BA57-4D97-B3A8-04ADCC8F8631}"
EndProject
Project("{FAE04EC0-301F-11D3-BF4B-00C04F79EFBC}") = "Leetcode.Tests", "Leetcode.Tests\Leetcode.Tests.csproj", "{CA284768-2429-4036-936D-7FD83D9D7647}"
EndProject
Project("{FAE04EC0-301F-11D3-BF4B-00C04F79EFBC}") = "Leetcode.TwoSumLessThanK", "Leetcode.TwoSumLessThanK\Leetcode.TwoSumLessThanK.csproj", "{18FD5D54-3F12-4D8E-92B9-EA18CCAEB4EC}"
EndProject
Project("{FAE04EC0-301F-11D3-BF4B-00C04F79EFBC}") = "Leetcode.TwoSumInputArrayIsSorted", "Leetcode.TwoSumInputArrayIsSorted\Leetcode.TwoSumInputArrayIsSorted.csproj", "{01B67E7A-FE37-4A53-BC64-8E602CF3EA8B}"
EndProject
Project("{FAE04EC0-301F-11D3-BF4B-00C04F79EFBC}") = "Leetcode.RemoveDuplicatesFromSortedArray", "Leetcode.RemoveDuplicatesFromSortedArray\Leetcode.RemoveDuplicatesFromSortedArray.csproj", "{F230B793-46A6-48A5-AE52-04358CB678B8}"
EndProject
Project("{FAE04EC0-301F-11D3-BF4B-00C04F79EFBC}") = "Leetcode.RemoveElement", "Leetcode.RemoveElement\Leetcode.RemoveElement.csproj", "{519B3C8D-2784-4C57-B47C-614E7E707EB2}"
EndProject
Project("{FAE04EC0-301F-11D3-BF4B-00C04F79EFBC}") = "Leetcode.SearchInsertPosition", "Leetcode.SearchInsertPosition\Leetcode.SearchInsertPosition.csproj", "{196AFACE-6E61-44DE-B086-111E886175A4}"
EndProject
Project("{FAE04EC0-301F-11D3-BF4B-00C04F79EFBC}") = "Leetcode.MaximumSubarray", "Leetcode.MaximumSubarray\Leetcode.MaximumSubarray.csproj", "{D8E41407-5DB5-45F4-AAC3-80D232DA010C}"
EndProject
Project("{FAE04EC0-301F-11D3-BF4B-00C04F79EFBC}") = "Leetcode.PlusOne", "Leetcode.PlusOne\Leetcode.PlusOne.csproj", "{5E5AA10D-2E69-4541-8080-759D47ED0085}"
EndProject
Project("{FAE04EC0-301F-11D3-BF4B-00C04F79EFBC}") = "Leetсode.MergeSortedArray", "Leetсode.MergeSortedArray\Leetсode.MergeSortedArray.csproj", "{E83FE11E-C9B7-48F8-BD2A-E89C441766F6}"
EndProject
Global
	GlobalSection(SolutionConfigurationPlatforms) = preSolution
		Debug|Any CPU = Debug|Any CPU
		Release|Any CPU = Release|Any CPU
	EndGlobalSection
	GlobalSection(ProjectConfigurationPlatforms) = postSolution
		{039A855C-BA57-4D97-B3A8-04ADCC8F8631}.Debug|Any CPU.ActiveCfg = Debug|Any CPU
		{039A855C-BA57-4D97-B3A8-04ADCC8F8631}.Debug|Any CPU.Build.0 = Debug|Any CPU
		{039A855C-BA57-4D97-B3A8-04ADCC8F8631}.Release|Any CPU.ActiveCfg = Release|Any CPU
		{039A855C-BA57-4D97-B3A8-04ADCC8F8631}.Release|Any CPU.Build.0 = Release|Any CPU
		{CA284768-2429-4036-936D-7FD83D9D7647}.Debug|Any CPU.ActiveCfg = Debug|Any CPU
		{CA284768-2429-4036-936D-7FD83D9D7647}.Debug|Any CPU.Build.0 = Debug|Any CPU
		{CA284768-2429-4036-936D-7FD83D9D7647}.Release|Any CPU.ActiveCfg = Release|Any CPU
		{CA284768-2429-4036-936D-7FD83D9D7647}.Release|Any CPU.Build.0 = Release|Any CPU
		{18FD5D54-3F12-4D8E-92B9-EA18CCAEB4EC}.Debug|Any CPU.ActiveCfg = Debug|Any CPU
		{18FD5D54-3F12-4D8E-92B9-EA18CCAEB4EC}.Debug|Any CPU.Build.0 = Debug|Any CPU
		{18FD5D54-3F12-4D8E-92B9-EA18CCAEB4EC}.Release|Any CPU.ActiveCfg = Release|Any CPU
		{18FD5D54-3F12-4D8E-92B9-EA18CCAEB4EC}.Release|Any CPU.Build.0 = Release|Any CPU
		{01B67E7A-FE37-4A53-BC64-8E602CF3EA8B}.Debug|Any CPU.ActiveCfg = Debug|Any CPU
		{01B67E7A-FE37-4A53-BC64-8E602CF3EA8B}.Debug|Any CPU.Build.0 = Debug|Any CPU
		{01B67E7A-FE37-4A53-BC64-8E602CF3EA8B}.Release|Any CPU.ActiveCfg = Release|Any CPU
		{01B67E7A-FE37-4A53-BC64-8E602CF3EA8B}.Release|Any CPU.Build.0 = Release|Any CPU
		{F230B793-46A6-48A5-AE52-04358CB678B8}.Debug|Any CPU.ActiveCfg = Debug|Any CPU
		{F230B793-46A6-48A5-AE52-04358CB678B8}.Debug|Any CPU.Build.0 = Debug|Any CPU
		{F230B793-46A6-48A5-AE52-04358CB678B8}.Release|Any CPU.ActiveCfg = Release|Any CPU
		{F230B793-46A6-48A5-AE52-04358CB678B8}.Release|Any CPU.Build.0 = Release|Any CPU
		{519B3C8D-2784-4C57-B47C-614E7E707EB2}.Debug|Any CPU.ActiveCfg = Debug|Any CPU
		{519B3C8D-2784-4C57-B47C-614E7E707EB2}.Debug|Any CPU.Build.0 = Debug|Any CPU
		{519B3C8D-2784-4C57-B47C-614E7E707EB2}.Release|Any CPU.ActiveCfg = Release|Any CPU
		{519B3C8D-2784-4C57-B47C-614E7E707EB2}.Release|Any CPU.Build.0 = Release|Any CPU
		{196AFACE-6E61-44DE-B086-111E886175A4}.Debug|Any CPU.ActiveCfg = Debug|Any CPU
		{196AFACE-6E61-44DE-B086-111E886175A4}.Debug|Any CPU.Build.0 = Debug|Any CPU
		{196AFACE-6E61-44DE-B086-111E886175A4}.Release|Any CPU.ActiveCfg = Release|Any CPU
		{196AFACE-6E61-44DE-B086-111E886175A4}.Release|Any CPU.Build.0 = Release|Any CPU
		{D8E41407-5DB5-45F4-AAC3-80D232DA010C}.Debug|Any CPU.ActiveCfg = Debug|Any CPU
		{D8E41407-5DB5-45F4-AAC3-80D232DA010C}.Debug|Any CPU.Build.0 = Debug|Any CPU
		{D8E41407-5DB5-45F4-AAC3-80D232DA010C}.Release|Any CPU.ActiveCfg = Release|Any CPU
		{D8E41407-5DB5-45F4-AAC3-80D232DA010C}.Release|Any CPU.Build.0 = Release|Any CPU
		{5E5AA10D-2E69-4541-8080-759D47ED0085}.Debug|Any CPU.ActiveCfg = Debug|Any CPU
		{5E5AA10D-2E69-4541-8080-759D47ED0085}.Debug|Any CPU.Build.0 = Debug|Any CPU
		{5E5AA10D-2E69-4541-8080-759D47ED0085}.Release|Any CPU.ActiveCfg = Release|Any CPU
		{5E5AA10D-2E69-4541-8080-759D47ED0085}.Release|Any CPU.Build.0 = Release|Any CPU
		{E83FE11E-C9B7-48F8-BD2A-E89C441766F6}.Debug|Any CPU.ActiveCfg = Debug|Any CPU
		{E83FE11E-C9B7-48F8-BD2A-E89C441766F6}.Debug|Any CPU.Build.0 = Debug|Any CPU
		{E83FE11E-C9B7-48F8-BD2A-E89C441766F6}.Release|Any CPU.ActiveCfg = Release|Any CPU
		{E83FE11E-C9B7-48F8-BD2A-E89C441766F6}.Release|Any CPU.Build.0 = Release|Any CPU
	EndGlobalSection
EndGlobal
